
Microsoft Visual Studio Solution File, Format Version 12.00
# Visual Studio Version 17
VisualStudioVersion = 17.11.35222.181
MinimumVisualStudioVersion = 10.0.40219.1
Project("{FAE04EC0-301F-11D3-BF4B-00C04F79EFBC}") = "TelegramBot", "TelegramBot\TelegramBot.csproj", "{D74F0546-B1A7-4D09-BB44-3A65C5589C0A}"
EndProject
Global
	GlobalSection(SolutionConfigurationPlatforms) = preSolution
		Debug|Any CPU = Debug|Any CPU
		Release|Any CPU = Release|Any CPU
	EndGlobalSection
	GlobalSection(ProjectConfigurationPlatforms) = postSolution
		{D74F0546-B1A7-4D09-BB44-3A65C5589C0A}.Debug|Any CPU.ActiveCfg = Debug|Any CPU
		{D74F0546-B1A7-4D09-BB44-3A65C5589C0A}.Debug|Any CPU.Build.0 = Debug|Any CPU
		{D74F0546-B1A7-4D09-BB44-3A65C5589C0A}.Release|Any CPU.ActiveCfg = Release|Any CPU
		{D74F0546-B1A7-4D09-BB44-3A65C5589C0A}.Release|Any CPU.Build.0 = Release|Any CPU
	EndGlobalSection
	GlobalSection(SolutionProperties) = preSolution
		HideSolutionNode = FALSE
	EndGlobalSection
	GlobalSection(ExtensibilityGlobals) = postSolution
		SolutionGuid = {36A9397D-53C1-44E2-BFA2-4C03414A3D40}
	EndGlobalSection
EndGlobal
